// !$*UTF8*$!
{
	archiveVersion = 1;
	classes = {
	};
	objectVersion = 56;
	objects = {

/* Begin PBXBuildFile section */
		A00E0FB828DF0CB500ACE984 /* GOT_HouseOfDragons_Companion_MVVMApp.swift in Sources */ = {isa = PBXBuildFile; fileRef = A00E0FB728DF0CB500ACE984 /* GOT_HouseOfDragons_Companion_MVVMApp.swift */; };
		A00E0FBA28DF0CB500ACE984 /* CastScreen.swift in Sources */ = {isa = PBXBuildFile; fileRef = A00E0FB928DF0CB500ACE984 /* CastScreen.swift */; };
		A00E0FBC28DF0CB600ACE984 /* Assets.xcassets in Resources */ = {isa = PBXBuildFile; fileRef = A00E0FBB28DF0CB600ACE984 /* Assets.xcassets */; };
		A00E0FBF28DF0CB600ACE984 /* Preview Assets.xcassets in Resources */ = {isa = PBXBuildFile; fileRef = A00E0FBE28DF0CB600ACE984 /* Preview Assets.xcassets */; };
		A00E0FC628DF0CF900ACE984 /* CharacterState.swift in Sources */ = {isa = PBXBuildFile; fileRef = A00E0FC528DF0CF900ACE984 /* CharacterState.swift */; };
		A00E0FCA28DF10E600ACE984 /* CastViewModel.swift in Sources */ = {isa = PBXBuildFile; fileRef = A00E0FC928DF10E600ACE984 /* CastViewModel.swift */; };
		A00E0FCD28DF117600ACE984 /* BaseViewModel.swift in Sources */ = {isa = PBXBuildFile; fileRef = A00E0FCC28DF117600ACE984 /* BaseViewModel.swift */; };
		A00E0FD028DF12E900ACE984 /* CharactersService.swift in Sources */ = {isa = PBXBuildFile; fileRef = A00E0FCF28DF12E900ACE984 /* CharactersService.swift */; };
		A00E0FD928DF1DB400ACE984 /* CharacterDetailsScreen.swift in Sources */ = {isa = PBXBuildFile; fileRef = A00E0FD828DF1DB400ACE984 /* CharacterDetailsScreen.swift */; };
		A00E0FDB28DF1DC400ACE984 /* CharacterDetailsViewModel.swift in Sources */ = {isa = PBXBuildFile; fileRef = A00E0FDA28DF1DC400ACE984 /* CharacterDetailsViewModel.swift */; };
		A00E0FFB28E0702A00ACE984 /* ComposableArchitecture in Frameworks */ = {isa = PBXBuildFile; productRef = A00E0FFA28E0702A00ACE984 /* ComposableArchitecture */; };
		A00E0FFD28E0723400ACE984 /* CastCore.swift in Sources */ = {isa = PBXBuildFile; fileRef = A00E0FFC28E0723400ACE984 /* CastCore.swift */; };
		A00E0FFF28E0795E00ACE984 /* CastScreenTCA.swift in Sources */ = {isa = PBXBuildFile; fileRef = A00E0FFE28E0795E00ACE984 /* CastScreenTCA.swift */; };
		A00E100228E08FE900ACE984 /* CharacterViewTCA.swift in Sources */ = {isa = PBXBuildFile; fileRef = A00E100128E08FE900ACE984 /* CharacterViewTCA.swift */; };
		A00E100428E095FE00ACE984 /* CharacterDetailsScreenTCA.swift in Sources */ = {isa = PBXBuildFile; fileRef = A00E100328E095FE00ACE984 /* CharacterDetailsScreenTCA.swift */; };
/* End PBXBuildFile section */

/* Begin PBXFileReference section */
		A00E0FB428DF0CB500ACE984 /* GOT-HouseOfDragons-Companion-MVVM.app */ = {isa = PBXFileReference; explicitFileType = wrapper.application; includeInIndex = 0; path = "GOT-HouseOfDragons-Companion-MVVM.app"; sourceTree = BUILT_PRODUCTS_DIR; };
		A00E0FB728DF0CB500ACE984 /* GOT_HouseOfDragons_Companion_MVVMApp.swift */ = {isa = PBXFileReference; lastKnownFileType = sourcecode.swift; path = GOT_HouseOfDragons_Companion_MVVMApp.swift; sourceTree = "<group>"; };
		A00E0FB928DF0CB500ACE984 /* CastScreen.swift */ = {isa = PBXFileReference; lastKnownFileType = sourcecode.swift; path = CastScreen.swift; sourceTree = "<group>"; };
		A00E0FBB28DF0CB600ACE984 /* Assets.xcassets */ = {isa = PBXFileReference; lastKnownFileType = folder.assetcatalog; path = Assets.xcassets; sourceTree = "<group>"; };
		A00E0FBE28DF0CB600ACE984 /* Preview Assets.xcassets */ = {isa = PBXFileReference; lastKnownFileType = folder.assetcatalog; path = "Preview Assets.xcassets"; sourceTree = "<group>"; };
		A00E0FC528DF0CF900ACE984 /* CharacterState.swift */ = {isa = PBXFileReference; lastKnownFileType = sourcecode.swift; path = CharacterState.swift; sourceTree = "<group>"; };
		A00E0FC928DF10E600ACE984 /* CastViewModel.swift */ = {isa = PBXFileReference; lastKnownFileType = sourcecode.swift; path = CastViewModel.swift; sourceTree = "<group>"; };
		A00E0FCC28DF117600ACE984 /* BaseViewModel.swift */ = {isa = PBXFileReference; lastKnownFileType = sourcecode.swift; path = BaseViewModel.swift; sourceTree = "<group>"; };
		A00E0FCF28DF12E900ACE984 /* CharactersService.swift */ = {isa = PBXFileReference; lastKnownFileType = sourcecode.swift; path = CharactersService.swift; sourceTree = "<group>"; };
		A00E0FD828DF1DB400ACE984 /* CharacterDetailsScreen.swift */ = {isa = PBXFileReference; lastKnownFileType = sourcecode.swift; path = CharacterDetailsScreen.swift; sourceTree = "<group>"; };
		A00E0FDA28DF1DC400ACE984 /* CharacterDetailsViewModel.swift */ = {isa = PBXFileReference; lastKnownFileType = sourcecode.swift; path = CharacterDetailsViewModel.swift; sourceTree = "<group>"; };
		A00E0FFC28E0723400ACE984 /* CastCore.swift */ = {isa = PBXFileReference; lastKnownFileType = sourcecode.swift; path = CastCore.swift; sourceTree = "<group>"; };
		A00E0FFE28E0795E00ACE984 /* CastScreenTCA.swift */ = {isa = PBXFileReference; lastKnownFileType = sourcecode.swift; path = CastScreenTCA.swift; sourceTree = "<group>"; };
		A00E100128E08FE900ACE984 /* CharacterViewTCA.swift */ = {isa = PBXFileReference; lastKnownFileType = sourcecode.swift; path = CharacterViewTCA.swift; sourceTree = "<group>"; };
		A00E100328E095FE00ACE984 /* CharacterDetailsScreenTCA.swift */ = {isa = PBXFileReference; lastKnownFileType = sourcecode.swift; path = CharacterDetailsScreenTCA.swift; sourceTree = "<group>"; };
/* End PBXFileReference section */

/* Begin PBXFrameworksBuildPhase section */
		A00E0FB128DF0CB500ACE984 /* Frameworks */ = {
			isa = PBXFrameworksBuildPhase;
			buildActionMask = 2147483647;
			files = (
				A00E0FFB28E0702A00ACE984 /* ComposableArchitecture in Frameworks */,
			);
			runOnlyForDeploymentPostprocessing = 0;
		};
/* End PBXFrameworksBuildPhase section */

/* Begin PBXGroup section */
		A00E0FAB28DF0CB500ACE984 = {
			isa = PBXGroup;
			children = (
				A00E0FB628DF0CB500ACE984 /* GOT-HouseOfDragons-Companion-MVVM */,
				A00E0FB528DF0CB500ACE984 /* Products */,
			);
			sourceTree = "<group>";
		};
		A00E0FB528DF0CB500ACE984 /* Products */ = {
			isa = PBXGroup;
			children = (
				A00E0FB428DF0CB500ACE984 /* GOT-HouseOfDragons-Companion-MVVM.app */,
			);
			name = Products;
			sourceTree = "<group>";
		};
		A00E0FB628DF0CB500ACE984 /* GOT-HouseOfDragons-Companion-MVVM */ = {
			isa = PBXGroup;
			children = (
				A00E0FCB28DF116900ACE984 /* Helpers */,
				A00E0FC728DF10B700ACE984 /* Screens */,
				A00E0FB728DF0CB500ACE984 /* GOT_HouseOfDragons_Companion_MVVMApp.swift */,
				A00E0FBB28DF0CB600ACE984 /* Assets.xcassets */,
				A00E0FBD28DF0CB600ACE984 /* Preview Content */,
			);
			path = "GOT-HouseOfDragons-Companion-MVVM";
			sourceTree = "<group>";
		};
		A00E0FBD28DF0CB600ACE984 /* Preview Content */ = {
			isa = PBXGroup;
			children = (
				A00E0FBE28DF0CB600ACE984 /* Preview Assets.xcassets */,
			);
			path = "Preview Content";
			sourceTree = "<group>";
		};
		A00E0FC728DF10B700ACE984 /* Screens */ = {
			isa = PBXGroup;
			children = (
				A00E0FC828DF10C600ACE984 /* Cast */,
			);
			path = Screens;
			sourceTree = "<group>";
		};
		A00E0FC828DF10C600ACE984 /* Cast */ = {
			isa = PBXGroup;
			children = (
				A00E100028E08FE000ACE984 /* Views */,
				A00E0FF828E0333F00ACE984 /* Models */,
				A00E0FD728DF1D9F00ACE984 /* Details */,
				A00E0FCE28DF12DB00ACE984 /* Services */,
				A00E0FB928DF0CB500ACE984 /* CastScreen.swift */,
				A00E0FFE28E0795E00ACE984 /* CastScreenTCA.swift */,
				A00E0FC928DF10E600ACE984 /* CastViewModel.swift */,
			);
			path = Cast;
			sourceTree = "<group>";
		};
		A00E0FCB28DF116900ACE984 /* Helpers */ = {
			isa = PBXGroup;
			children = (
				A00E0FCC28DF117600ACE984 /* BaseViewModel.swift */,
			);
			path = Helpers;
			sourceTree = "<group>";
		};
		A00E0FCE28DF12DB00ACE984 /* Services */ = {
			isa = PBXGroup;
			children = (
				A00E0FCF28DF12E900ACE984 /* CharactersService.swift */,
				A00E0FFC28E0723400ACE984 /* CastCore.swift */,
			);
			path = Services;
			sourceTree = "<group>";
		};
		A00E0FD728DF1D9F00ACE984 /* Details */ = {
			isa = PBXGroup;
			children = (
				A00E0FD828DF1DB400ACE984 /* CharacterDetailsScreen.swift */,
				A00E0FDA28DF1DC400ACE984 /* CharacterDetailsViewModel.swift */,
				A00E100328E095FE00ACE984 /* CharacterDetailsScreenTCA.swift */,
			);
			path = Details;
			sourceTree = "<group>";
		};
		A00E0FF828E0333F00ACE984 /* Models */ = {
			isa = PBXGroup;
			children = (
				A00E0FC528DF0CF900ACE984 /* CharacterState.swift */,
			);
			path = Models;
			sourceTree = "<group>";
		};
		A00E100028E08FE000ACE984 /* Views */ = {
			isa = PBXGroup;
			children = (
				A00E100128E08FE900ACE984 /* CharacterViewTCA.swift */,
			);
			path = Views;
			sourceTree = "<group>";
		};
/* End PBXGroup section */

/* Begin PBXNativeTarget section */
		A00E0FB328DF0CB500ACE984 /* GOT-HouseOfDragons-Companion-MVVM */ = {
			isa = PBXNativeTarget;
			buildConfigurationList = A00E0FC228DF0CB600ACE984 /* Build configuration list for PBXNativeTarget "GOT-HouseOfDragons-Companion-MVVM" */;
			buildPhases = (
				A00E0FB028DF0CB500ACE984 /* Sources */,
				A00E0FB128DF0CB500ACE984 /* Frameworks */,
				A00E0FB228DF0CB500ACE984 /* Resources */,
			);
			buildRules = (
			);
			dependencies = (
			);
			name = "GOT-HouseOfDragons-Companion-MVVM";
			packageProductDependencies = (
				A00E0FFA28E0702A00ACE984 /* ComposableArchitecture */,
			);
			productName = "GOT-HouseOfDragons-Companion-MVVM";
			productReference = A00E0FB428DF0CB500ACE984 /* GOT-HouseOfDragons-Companion-MVVM.app */;
			productType = "com.apple.product-type.application";
		};
/* End PBXNativeTarget section */

/* Begin PBXProject section */
		A00E0FAC28DF0CB500ACE984 /* Project object */ = {
			isa = PBXProject;
			attributes = {
				BuildIndependentTargetsInParallel = 1;
				LastSwiftUpdateCheck = 1400;
				LastUpgradeCheck = 1400;
				TargetAttributes = {
					A00E0FB328DF0CB500ACE984 = {
						CreatedOnToolsVersion = 14.0;
					};
				};
			};
			buildConfigurationList = A00E0FAF28DF0CB500ACE984 /* Build configuration list for PBXProject "GOT-HouseOfDragons-Companion-MVVM" */;
			compatibilityVersion = "Xcode 14.0";
			developmentRegion = en;
			hasScannedForEncodings = 0;
			knownRegions = (
				en,
				Base,
			);
			mainGroup = A00E0FAB28DF0CB500ACE984;
			packageReferences = (
				A00E0FF928E0702A00ACE984 /* XCRemoteSwiftPackageReference "swift-composable-architecture" */,
			);
			productRefGroup = A00E0FB528DF0CB500ACE984 /* Products */;
			projectDirPath = "";
			projectRoot = "";
			targets = (
				A00E0FB328DF0CB500ACE984 /* GOT-HouseOfDragons-Companion-MVVM */,
			);
		};
/* End PBXProject section */

/* Begin PBXResourcesBuildPhase section */
		A00E0FB228DF0CB500ACE984 /* Resources */ = {
			isa = PBXResourcesBuildPhase;
			buildActionMask = 2147483647;
			files = (
				A00E0FBF28DF0CB600ACE984 /* Preview Assets.xcassets in Resources */,
				A00E0FBC28DF0CB600ACE984 /* Assets.xcassets in Resources */,
			);
			runOnlyForDeploymentPostprocessing = 0;
		};
/* End PBXResourcesBuildPhase section */

/* Begin PBXSourcesBuildPhase section */
		A00E0FB028DF0CB500ACE984 /* Sources */ = {
			isa = PBXSourcesBuildPhase;
			buildActionMask = 2147483647;
			files = (
				A00E0FC628DF0CF900ACE984 /* CharacterState.swift in Sources */,
				A00E0FDB28DF1DC400ACE984 /* CharacterDetailsViewModel.swift in Sources */,
				A00E0FD028DF12E900ACE984 /* CharactersService.swift in Sources */,
				A00E0FFF28E0795E00ACE984 /* CastScreenTCA.swift in Sources */,
				A00E0FCD28DF117600ACE984 /* BaseViewModel.swift in Sources */,
				A00E100428E095FE00ACE984 /* CharacterDetailsScreenTCA.swift in Sources */,
				A00E0FCA28DF10E600ACE984 /* CastViewModel.swift in Sources */,
				A00E0FFD28E0723400ACE984 /* CastCore.swift in Sources */,
				A00E0FBA28DF0CB500ACE984 /* CastScreen.swift in Sources */,
				A00E0FB828DF0CB500ACE984 /* GOT_HouseOfDragons_Companion_MVVMApp.swift in Sources */,
				A00E0FD928DF1DB400ACE984 /* CharacterDetailsScreen.swift in Sources */,
				A00E100228E08FE900ACE984 /* CharacterViewTCA.swift in Sources */,
			);
			runOnlyForDeploymentPostprocessing = 0;
		};
/* End PBXSourcesBuildPhase section */

/* Begin XCBuildConfiguration section */
		A00E0FC028DF0CB600ACE984 /* Debug */ = {
			isa = XCBuildConfiguration;
			buildSettings = {
				ALWAYS_SEARCH_USER_PATHS = NO;
				CLANG_ANALYZER_NONNULL = YES;
				CLANG_ANALYZER_NUMBER_OBJECT_CONVERSION = YES_AGGRESSIVE;
				CLANG_CXX_LANGUAGE_STANDARD = "gnu++20";
				CLANG_ENABLE_MODULES = YES;
				CLANG_ENABLE_OBJC_ARC = YES;
				CLANG_ENABLE_OBJC_WEAK = YES;
				CLANG_WARN_BLOCK_CAPTURE_AUTORELEASING = YES;
				CLANG_WARN_BOOL_CONVERSION = YES;
				CLANG_WARN_COMMA = YES;
				CLANG_WARN_CONSTANT_CONVERSION = YES;
				CLANG_WARN_DEPRECATED_OBJC_IMPLEMENTATIONS = YES;
				CLANG_WARN_DIRECT_OBJC_ISA_USAGE = YES_ERROR;
				CLANG_WARN_DOCUMENTATION_COMMENTS = YES;
				CLANG_WARN_EMPTY_BODY = YES;
				CLANG_WARN_ENUM_CONVERSION = YES;
				CLANG_WARN_INFINITE_RECURSION = YES;
				CLANG_WARN_INT_CONVERSION = YES;
				CLANG_WARN_NON_LITERAL_NULL_CONVERSION = YES;
				CLANG_WARN_OBJC_IMPLICIT_RETAIN_SELF = YES;
				CLANG_WARN_OBJC_LITERAL_CONVERSION = YES;
				CLANG_WARN_OBJC_ROOT_CLASS = YES_ERROR;
				CLANG_WARN_QUOTED_INCLUDE_IN_FRAMEWORK_HEADER = YES;
				CLANG_WARN_RANGE_LOOP_ANALYSIS = YES;
				CLANG_WARN_STRICT_PROTOTYPES = YES;
				CLANG_WARN_SUSPICIOUS_MOVE = YES;
				CLANG_WARN_UNGUARDED_AVAILABILITY = YES_AGGRESSIVE;
				CLANG_WARN_UNREACHABLE_CODE = YES;
				CLANG_WARN__DUPLICATE_METHOD_MATCH = YES;
				COPY_PHASE_STRIP = NO;
				DEBUG_INFORMATION_FORMAT = dwarf;
				ENABLE_STRICT_OBJC_MSGSEND = YES;
				ENABLE_TESTABILITY = YES;
				GCC_C_LANGUAGE_STANDARD = gnu11;
				GCC_DYNAMIC_NO_PIC = NO;
				GCC_NO_COMMON_BLOCKS = YES;
				GCC_OPTIMIZATION_LEVEL = 0;
				GCC_PREPROCESSOR_DEFINITIONS = (
					"DEBUG=1",
					"$(inherited)",
				);
				GCC_WARN_64_TO_32_BIT_CONVERSION = YES;
				GCC_WARN_ABOUT_RETURN_TYPE = YES_ERROR;
				GCC_WARN_UNDECLARED_SELECTOR = YES;
				GCC_WARN_UNINITIALIZED_AUTOS = YES_AGGRESSIVE;
				GCC_WARN_UNUSED_FUNCTION = YES;
				GCC_WARN_UNUSED_VARIABLE = YES;
				IPHONEOS_DEPLOYMENT_TARGET = 16.0;
				MTL_ENABLE_DEBUG_INFO = INCLUDE_SOURCE;
				MTL_FAST_MATH = YES;
				ONLY_ACTIVE_ARCH = YES;
				SDKROOT = iphoneos;
				SWIFT_ACTIVE_COMPILATION_CONDITIONS = DEBUG;
				SWIFT_OPTIMIZATION_LEVEL = "-Onone";
			};
			name = Debug;
		};
		A00E0FC128DF0CB600ACE984 /* Release */ = {
			isa = XCBuildConfiguration;
			buildSettings = {
				ALWAYS_SEARCH_USER_PATHS = NO;
				CLANG_ANALYZER_NONNULL = YES;
				CLANG_ANALYZER_NUMBER_OBJECT_CONVERSION = YES_AGGRESSIVE;
				CLANG_CXX_LANGUAGE_STANDARD = "gnu++20";
				CLANG_ENABLE_MODULES = YES;
				CLANG_ENABLE_OBJC_ARC = YES;
				CLANG_ENABLE_OBJC_WEAK = YES;
				CLANG_WARN_BLOCK_CAPTURE_AUTORELEASING = YES;
				CLANG_WARN_BOOL_CONVERSION = YES;
				CLANG_WARN_COMMA = YES;
				CLANG_WARN_CONSTANT_CONVERSION = YES;
				CLANG_WARN_DEPRECATED_OBJC_IMPLEMENTATIONS = YES;
				CLANG_WARN_DIRECT_OBJC_ISA_USAGE = YES_ERROR;
				CLANG_WARN_DOCUMENTATION_COMMENTS = YES;
				CLANG_WARN_EMPTY_BODY = YES;
				CLANG_WARN_ENUM_CONVERSION = YES;
				CLANG_WARN_INFINITE_RECURSION = YES;
				CLANG_WARN_INT_CONVERSION = YES;
				CLANG_WARN_NON_LITERAL_NULL_CONVERSION = YES;
				CLANG_WARN_OBJC_IMPLICIT_RETAIN_SELF = YES;
				CLANG_WARN_OBJC_LITERAL_CONVERSION = YES;
				CLANG_WARN_OBJC_ROOT_CLASS = YES_ERROR;
				CLANG_WARN_QUOTED_INCLUDE_IN_FRAMEWORK_HEADER = YES;
				CLANG_WARN_RANGE_LOOP_ANALYSIS = YES;
				CLANG_WARN_STRICT_PROTOTYPES = YES;
				CLANG_WARN_SUSPICIOUS_MOVE = YES;
				CLANG_WARN_UNGUARDED_AVAILABILITY = YES_AGGRESSIVE;
				CLANG_WARN_UNREACHABLE_CODE = YES;
				CLANG_WARN__DUPLICATE_METHOD_MATCH = YES;
				COPY_PHASE_STRIP = NO;
				DEBUG_INFORMATION_FORMAT = "dwarf-with-dsym";
				ENABLE_NS_ASSERTIONS = NO;
				ENABLE_STRICT_OBJC_MSGSEND = YES;
				GCC_C_LANGUAGE_STANDARD = gnu11;
				GCC_NO_COMMON_BLOCKS = YES;
				GCC_WARN_64_TO_32_BIT_CONVERSION = YES;
				GCC_WARN_ABOUT_RETURN_TYPE = YES_ERROR;
				GCC_WARN_UNDECLARED_SELECTOR = YES;
				GCC_WARN_UNINITIALIZED_AUTOS = YES_AGGRESSIVE;
				GCC_WARN_UNUSED_FUNCTION = YES;
				GCC_WARN_UNUSED_VARIABLE = YES;
				IPHONEOS_DEPLOYMENT_TARGET = 16.0;
				MTL_ENABLE_DEBUG_INFO = NO;
				MTL_FAST_MATH = YES;
				SDKROOT = iphoneos;
				SWIFT_COMPILATION_MODE = wholemodule;
				SWIFT_OPTIMIZATION_LEVEL = "-O";
				VALIDATE_PRODUCT = YES;
			};
			name = Release;
		};
		A00E0FC328DF0CB600ACE984 /* Debug */ = {
			isa = XCBuildConfiguration;
			buildSettings = {
				ASSETCATALOG_COMPILER_APPICON_NAME = AppIcon;
				ASSETCATALOG_COMPILER_GLOBAL_ACCENT_COLOR_NAME = AccentColor;
				CODE_SIGN_STYLE = Automatic;
				CURRENT_PROJECT_VERSION = 1;
				DEVELOPMENT_ASSET_PATHS = "\"GOT-HouseOfDragons-Companion-MVVM/Preview Content\"";
				DEVELOPMENT_TEAM = 7KN966P9LP;
				ENABLE_PREVIEWS = YES;
				GENERATE_INFOPLIST_FILE = YES;
				INFOPLIST_KEY_UIApplicationSceneManifest_Generation = YES;
				INFOPLIST_KEY_UIApplicationSupportsIndirectInputEvents = YES;
				INFOPLIST_KEY_UILaunchScreen_Generation = YES;
				INFOPLIST_KEY_UISupportedInterfaceOrientations_iPad = "UIInterfaceOrientationPortrait UIInterfaceOrientationPortraitUpsideDown UIInterfaceOrientationLandscapeLeft UIInterfaceOrientationLandscapeRight";
				INFOPLIST_KEY_UISupportedInterfaceOrientations_iPhone = "UIInterfaceOrientationPortrait UIInterfaceOrientationLandscapeLeft UIInterfaceOrientationLandscapeRight";
				LD_RUNPATH_SEARCH_PATHS = (
					"$(inherited)",
					"@executable_path/Frameworks",
				);
				MARKETING_VERSION = 1.0;
				PRODUCT_BUNDLE_IDENTIFIER = "com.lstachnik.GOT-HouseOfDragons-Companion-MVVM";
				PRODUCT_NAME = "$(TARGET_NAME)";
				SWIFT_EMIT_LOC_STRINGS = YES;
				SWIFT_VERSION = 5.0;
				TARGETED_DEVICE_FAMILY = "1,2";
			};
			name = Debug;
		};
		A00E0FC428DF0CB600ACE984 /* Release */ = {
			isa = XCBuildConfiguration;
			buildSettings = {
				ASSETCATALOG_COMPILER_APPICON_NAME = AppIcon;
				ASSETCATALOG_COMPILER_GLOBAL_ACCENT_COLOR_NAME = AccentColor;
				CODE_SIGN_STYLE = Automatic;
				CURRENT_PROJECT_VERSION = 1;
				DEVELOPMENT_ASSET_PATHS = "\"GOT-HouseOfDragons-Companion-MVVM/Preview Content\"";
				DEVELOPMENT_TEAM = 7KN966P9LP;
				ENABLE_PREVIEWS = YES;
				GENERATE_INFOPLIST_FILE = YES;
				INFOPLIST_KEY_UIApplicationSceneManifest_Generation = YES;
				INFOPLIST_KEY_UIApplicationSupportsIndirectInputEvents = YES;
				INFOPLIST_KEY_UILaunchScreen_Generation = YES;
				INFOPLIST_KEY_UISupportedInterfaceOrientations_iPad = "UIInterfaceOrientationPortrait UIInterfaceOrientationPortraitUpsideDown UIInterfaceOrientationLandscapeLeft UIInterfaceOrientationLandscapeRight";
				INFOPLIST_KEY_UISupportedInterfaceOrientations_iPhone = "UIInterfaceOrientationPortrait UIInterfaceOrientationLandscapeLeft UIInterfaceOrientationLandscapeRight";
				LD_RUNPATH_SEARCH_PATHS = (
					"$(inherited)",
					"@executable_path/Frameworks",
				);
				MARKETING_VERSION = 1.0;
				PRODUCT_BUNDLE_IDENTIFIER = "com.lstachnik.GOT-HouseOfDragons-Companion-MVVM";
				PRODUCT_NAME = "$(TARGET_NAME)";
				SWIFT_EMIT_LOC_STRINGS = YES;
				SWIFT_VERSION = 5.0;
				TARGETED_DEVICE_FAMILY = "1,2";
			};
			name = Release;
		};
/* End XCBuildConfiguration section */

/* Begin XCConfigurationList section */
		A00E0FAF28DF0CB500ACE984 /* Build configuration list for PBXProject "GOT-HouseOfDragons-Companion-MVVM" */ = {
			isa = XCConfigurationList;
			buildConfigurations = (
				A00E0FC028DF0CB600ACE984 /* Debug */,
				A00E0FC128DF0CB600ACE984 /* Release */,
			);
			defaultConfigurationIsVisible = 0;
			defaultConfigurationName = Release;
		};
		A00E0FC228DF0CB600ACE984 /* Build configuration list for PBXNativeTarget "GOT-HouseOfDragons-Companion-MVVM" */ = {
			isa = XCConfigurationList;
			buildConfigurations = (
				A00E0FC328DF0CB600ACE984 /* Debug */,
				A00E0FC428DF0CB600ACE984 /* Release */,
			);
			defaultConfigurationIsVisible = 0;
			defaultConfigurationName = Release;
		};
/* End XCConfigurationList section */

/* Begin XCRemoteSwiftPackageReference section */
		A00E0FF928E0702A00ACE984 /* XCRemoteSwiftPackageReference "swift-composable-architecture" */ = {
			isa = XCRemoteSwiftPackageReference;
			repositoryURL = "https://github.com/pointfreeco/swift-composable-architecture";
			requirement = {
				branch = main;
				kind = branch;
			};
		};
/* End XCRemoteSwiftPackageReference section */

/* Begin XCSwiftPackageProductDependency section */
		A00E0FFA28E0702A00ACE984 /* ComposableArchitecture */ = {
			isa = XCSwiftPackageProductDependency;
			package = A00E0FF928E0702A00ACE984 /* XCRemoteSwiftPackageReference "swift-composable-architecture" */;
			productName = ComposableArchitecture;
		};
/* End XCSwiftPackageProductDependency section */
	};
	rootObject = A00E0FAC28DF0CB500ACE984 /* Project object */;
}
